PODS:
  - Flutter (1.0.0)
  - flutter_sms (1.1.0):
    - Flutter
  - sms (0.0.1):
    - Flutter
  - url_launcher (0.0.1):
    - Flutter

DEPENDENCIES:
  - Flutter (from `Flutter`)
  - flutter_sms (from `.symlinks/plugins/flutter_sms/ios`)
  - sms (from `.symlinks/plugins/sms/ios`)
  - url_launcher (from `.symlinks/plugins/url_launcher/ios`)

EXTERNAL SOURCES:
  Flutter:
    :path: Flutter
  flutter_sms:
    :path: ".symlinks/plugins/flutter_sms/ios"
  sms:
    :path: ".symlinks/plugins/sms/ios"
  url_launcher:
    :path: ".symlinks/plugins/url_launcher/ios"

SPEC CHECKSUMS:
  Flutter: 434fef37c0980e73bb6479ef766c45957d4b510c
  flutter_sms: 91ce41530f55c85d6524d82307a5d555844c086a
  sms: 1e6c3082da09f2a4961d61bc254cc86865993ffd
  url_launcher: 6fef411d543ceb26efce54b05a0a40bfd74cbbef

PODFILE CHECKSUM: aafe91acc616949ddb318b77800a7f51bffa2a4c

COCOAPODS: 1.10.1
